{
  "version": "2",
  "remote": {
    "https://deno.land/std@0.138.0/fmt/colors.ts": "30455035d6d728394781c10755351742dd731e3db6771b1843f9b9e490104d37",
    "https://deno.land/std@0.152.0/fmt/colors.ts": "6f9340b7fb8cc25a993a99e5efc56fe81bb5af284ff412129dd06df06f53c0b4",
    "https://deno.land/x/cli_spinners@v0.0.2/mod.ts": "0571728c3855547cb9cc2a608720d0b60b6e42a4ad5029156dddd7426227e2fa",
    "https://deno.land/x/cli_spinners@v0.0.2/spinner.ts": "ce0bff04b15f84b1b0a1be981d0492a1122ab0e069bd7e64d9015fa4d43d43ac",
    "https://deno.land/x/cli_spinners@v0.0.2/spinners.ts": "14f0423feb65235f0ae2ed2dbc4b8206e36c1d0043c508440f94ac0ee940263f",
    "https://deno.land/x/cli_spinners@v0.0.2/util.ts": "b1c354a0bbdcf61aba4d29dedf0a5fdf021c9aaf5d838b16a199ca29cba862db",
    "https://deno.land/x/cliffy@v0.24.2/_utils/distance.ts": "02af166952c7c358ac83beae397aa2fbca4ad630aecfcd38d92edb1ea429f004",
    "https://deno.land/x/cliffy@v0.24.2/ansi/colors.ts": "084fc3fe9309d8286f9961d6bd87de19437c3ece07ac55841039fa2994f5adce",
    "https://deno.land/x/cliffy@v0.24.2/command/_errors.ts": "979a5d3f91b9da60a5871a14c4d7aa88ad4e3258da2df7b83bf40d00949ca944",
    "https://deno.land/x/cliffy@v0.24.2/command/_utils.ts": "a17433eaa5fa2931a78590c6ee146129446992214a9483328b321cabd106ed42",
    "https://deno.land/x/cliffy@v0.24.2/command/command.ts": "a8a8db0e003c2fde85313ecbaf094502a867ec1229b99eacbdc357b6c0eb7a74",
    "https://deno.land/x/cliffy@v0.24.2/command/completions/_bash_completions_generator.ts": "038f70cdf8a84f851984b8aec3e63fe1b4c96455dd34b8b0bc49f2ef97996c00",
    "https://deno.land/x/cliffy@v0.24.2/command/completions/_fish_completions_generator.ts": "be4bc20ec11be0248aa3cb2c1451ed4c25433682aa8dc0563e1a7e0a44935d14",
    "https://deno.land/x/cliffy@v0.24.2/command/completions/_zsh_completions_generator.ts": "532a5e4ca81e1582dc75047cffaefe4c314f6110cb63089a0a8ab315e251fbd3",
    "https://deno.land/x/cliffy@v0.24.2/command/completions/bash.ts": "774e6be686d245f783d65b06d6822af1bff303beb19490b29a0e0f781556cfad",
    "https://deno.land/x/cliffy@v0.24.2/command/completions/complete.ts": "626594088e026e9248fcba8b1b3c8076afd964475f63f294223d337c61cf1665",
    "https://deno.land/x/cliffy@v0.24.2/command/completions/fish.ts": "c2f353f361c77bbce53e2a8bf064955b028ef6dc0eecca01a7d1f64397b61304",
    "https://deno.land/x/cliffy@v0.24.2/command/completions/mod.ts": "2b32933e152628268bfed59bd3091f8d23fbda59ee4e09f4d3de7740c7482fc2",
    "https://deno.land/x/cliffy@v0.24.2/command/completions/zsh.ts": "3eb1bfcfb7c1e4dd35b1d2e34a37c2a44a4dc54fdd8a8e4dcb5f933ad193202b",
    "https://deno.land/x/cliffy@v0.24.2/command/deps.ts": "84d3beaf8232c73cc62397402ec255db956598c9b7658f244292b34bd2ce5359",
    "https://deno.land/x/cliffy@v0.24.2/command/help/_help_generator.ts": "e41b9513f0a8cf55dda713a5e10579835696450aaebfb6517efbb828802cacf9",
    "https://deno.land/x/cliffy@v0.24.2/command/help/mod.ts": "01dd638a19ec6fce52317b3398201747d1e1d7ba4352b9a0aed084c7abe5d195",
    "https://deno.land/x/cliffy@v0.24.2/command/mod.ts": "d2da7a3d171a7737173525815d7dbe2e3dad3b20f2283385d99b78b5381a8bb5",
    "https://deno.land/x/cliffy@v0.24.2/command/type.ts": "2c0e15a618e8c71c7d2654a3cc819ba50b5f4f11828e84210112801363db880d",
    "https://deno.land/x/cliffy@v0.24.2/command/types.ts": "f08e0b7846b4571f1e3d3dd4ef4e8e53aa398f4b66d0f833b5817689054b49c7",
    "https://deno.land/x/cliffy@v0.24.2/command/types/action_list.ts": "33c98d449617c7a563a535c9ceb3741bde9f6363353fd492f90a74570c611c27",
    "https://deno.land/x/cliffy@v0.24.2/command/types/boolean.ts": "bf0fbaacbd79398f4f4a832437a8ac49f34f12fe42b8b44dca68ad23cd7b02e8",
    "https://deno.land/x/cliffy@v0.24.2/command/types/child_command.ts": "f1fca390c7fbfa7a713ca15ef55c2c7656bcbb394d50e8ef54085bdf6dc22559",
    "https://deno.land/x/cliffy@v0.24.2/command/types/command.ts": "325d0382e383b725fd8d0ef34ebaeae082c5b76a1f6f2e843fee5dbb1a4fe3ac",
    "https://deno.land/x/cliffy@v0.24.2/command/types/enum.ts": "a6e805eed88efe1866fa76cd102844a79a9bbe5590e557465f30082c6e383283",
    "https://deno.land/x/cliffy@v0.24.2/command/types/file.ts": "8618f16ac9015c8589cbd946b3de1988cc4899b90ea251f3325c93c46745140e",
    "https://deno.land/x/cliffy@v0.24.2/command/types/integer.ts": "b49ef8c43fe59ccf67e792c72ff350520dab08c9bd552eff004e134f292daa06",
    "https://deno.land/x/cliffy@v0.24.2/command/types/number.ts": "32c3d1decf3b8d9dfa10b0027b07e9c6753c0059d1ccf2d1d768b879d05e0d3e",
    "https://deno.land/x/cliffy@v0.24.2/command/types/string.ts": "e415dd7bce1b4d0ac4417e370a41a8c7a476f78cb19bf4a757ba11da343f344c",
    "https://deno.land/x/cliffy@v0.24.2/flags/_errors.ts": "2e6754a96f8df8a2c23da477388eb426b24090e4cc4140220643ba2590d02136",
    "https://deno.land/x/cliffy@v0.24.2/flags/_utils.ts": "85c81dc298b09d616921b0837331f1d2e0b069e6c8e432dc26af74d579eb8967",
    "https://deno.land/x/cliffy@v0.24.2/flags/flags.ts": "41462db9188563cfe702b7237a25e8ee805c4c233c13a56750304ac64453122c",
    "https://deno.land/x/cliffy@v0.24.2/flags/types.ts": "c1ccc9574c69a0a3120f2464a5667b7169b6e3784f415aa3d5ca09cb36af653a",
    "https://deno.land/x/cliffy@v0.24.2/flags/types/boolean.ts": "3a80c2332c2f2f58427774cd0ed15b773be2c6bab6323ab4085ac7eaed9fe021",
    "https://deno.land/x/cliffy@v0.24.2/flags/types/integer.ts": "931b6c9f748a839ad304d60851159ebe3f26ccea50fb0907925a94e93772acaf",
    "https://deno.land/x/cliffy@v0.24.2/flags/types/number.ts": "ace1b124c644f4fac2a7bf781fafe3f8a32528b22ec939a3291424a313c8e301",
    "https://deno.land/x/cliffy@v0.24.2/flags/types/string.ts": "2764413b7f86962152fd0ac3edf5107b94cb6ae8a237243d65c3a2eb2073d624",
    "https://deno.land/x/cliffy@v0.24.2/flags/validate_flags.ts": "2d04bfc90c4675e868002ab6b4df3283c32f8b2bd5b7a487d54fdc429f1b59c8",
    "https://deno.land/x/cliffy@v0.24.2/table/border.ts": "2514abae4e4f51eda60a5f8c927ba24efd464a590027e900926b38f68e01253c",
    "https://deno.land/x/cliffy@v0.24.2/table/cell.ts": "1d787d8006ac8302020d18ec39f8d7f1113612c20801b973e3839de9c3f8b7b3",
    "https://deno.land/x/cliffy@v0.24.2/table/deps.ts": "45592ed006efadd7708ea5201bb427cffb8a717176ea202040a8ea863200898e",
    "https://deno.land/x/cliffy@v0.24.2/table/layout.ts": "ca9d5159b73f76b98d51feb0286281166a964e4411c087a0c00103035b1ba1dc",
    "https://deno.land/x/cliffy@v0.24.2/table/mod.ts": "e74f69f38810ee6139a71132783765feb94436a6619c07474ada45b465189834",
    "https://deno.land/x/cliffy@v0.24.2/table/row.ts": "707c8f9c71f28e7ded22a053c13c0988a9598eec0a9e2a7aea7d15cad64d3cfe",
    "https://deno.land/x/cliffy@v0.24.2/table/table.ts": "3905c40d030626faab87a3e2e24982382c0d4c11eccae829a9e04db94d29e3e9",
    "https://deno.land/x/cliffy@v0.24.2/table/utils.ts": "187bb7dcbcfb16199a5d906113f584740901dfca1007400cba0df7dcd341bc29"
  }
}
